{
  "nodes": {
    "network-compiler": {
      "inputs": {
        "network-labs": [
          "network-control-plane-model",
          "network-labs"
        ],
        "nixpkgs": [
          "network-control-plane-model",
          "network-forwarding-model",
          "nixpkgs"
        ],
        "nixpkgs-network": "nixpkgs-network"
      },
      "locked": {
        "lastModified": 1784567420,
        "narHash": "sha256-5YkC+o+O6vVszsM85toqRMGpggU7IbMvk4hxLAASjPs=",
        "owner": "esp0xdeadbeef",
        "repo": "network-compiler",
        "rev": "7a2e601c72606eda3e29b529ab39198ed4c97a76",
        "type": "github"
      },
      "original": {
        "owner": "esp0xdeadbeef",
        "repo": "network-compiler",
        "type": "github"
      }
    },
    "network-control-plane-model": {
      "inputs": {
        "network-forwarding-model": "network-forwarding-model",
        "network-labs": "network-labs",
        "nixpkgs": [
          "nixpkgs"
        ],
        "nixpkgs-network": "nixpkgs-network_3"
      },
      "locked": {
        "lastModified": 1784567636,
        "narHash": "sha256-ekHJLWjUtaRebEqCl62Q1wOBGGNlBuD3aIQ6D4oh22M=",
        "owner": "esp0xdeadbeef",
        "repo": "network-control-plane-model",
        "rev": "a957bbea542b7ab655cf82ccb456c3233b7cca23",
        "type": "github"
      },
      "original": {
        "owner": "esp0xdeadbeef",
        "repo": "network-control-plane-model",
        "type": "github"
      }
    },
    "network-forwarding-model": {
      "inputs": {
        "network-compiler": "network-compiler",
        "network-labs": [
          "network-control-plane-model",
          "network-labs"
        ],
        "nixpkgs": [
          "network-control-plane-model",
          "nixpkgs"
        ],
        "nixpkgs-network": "nixpkgs-network_2"
      },
      "locked": {
        "lastModified": 1784567472,
        "narHash": "sha256-QRJEiogRaRjB/dI1Omht2J2fp9Cd7inG0265WeDSsZI=",
        "owner": "esp0xdeadbeef",
        "repo": "network-forwarding-model",
        "rev": "e814ada83793aa8e75eb1e487c2c6af14b06d644",
        "type": "github"
      },
      "original": {
        "owner": "esp0xdeadbeef",
        "ref": "main",
        "repo": "network-forwarding-model",
        "type": "github"
      }
    },
    "network-labs": {
      "locked": {
        "lastModified": 1784406920,
        "narHash": "sha256-4O/T27/66JgWMogDJqqcVtM466kgFZQAqtSSSQxqiBk=",
        "owner": "esp0xdeadbeef",
        "repo": "network-labs",
        "rev": "6b0f569282ba8dfcc3c4ea09513d61bf9d8f46aa",
        "type": "github"
      },
      "original": {
        "owner": "esp0xdeadbeef",
        "ref": "main",
        "repo": "network-labs",
        "type": "github"
      }
    },
    "network-labs_2": {
      "locked": {
        "lastModified": 1784559412,
        "narHash": "sha256-RuGv1gQYQZGD1Jokihftpzo2lip4RavAkshMxUI8MLk=",
        "owner": "esp0xdeadbeef",
        "repo": "network-labs",
        "rev": "151c35105453ad17f354bf3832753306ba32164a",
        "type": "github"
      },
      "original": {
        "owner": "esp0xdeadbeef",
        "repo": "network-labs",
        "type": "github"
      }
    },
    "network-realization-model": {
      "inputs": {
        "network-realization-schema": "network-realization-schema",
        "nixpkgs": [
          "nixpkgs"
        ]
      },
      "locked": {
        "lastModified": 1784570892,
        "narHash": "sha256-UgpvNxslNrc2ctQ/+TkXlQZDO7abEhvSq1QycKoOT0Y=",
        "owner": "esp0xdeadbeef",
        "repo": "network-realization-model",
        "rev": "426ffd625527222af44663b78f2aa4fbeafcdcaa",
        "type": "github"
      },
      "original": {
        "owner": "esp0xdeadbeef",
        "repo": "network-realization-model",
        "type": "github"
      }
    },
    "network-realization-schema": {
      "inputs": {
        "nixpkgs": [
          "network-realization-model",
          "nixpkgs"
        ]
      },
      "locked": {
        "lastModified": 1784570515,
        "narHash": "sha256-bC/Lq/jxjJErVzTPw8r4nNkpFZV4drS6/iZ7EQutguU=",
        "owner": "esp0xdeadbeef",
        "repo": "network-realization-schema",
        "rev": "b4130656b2548d85d95a1fd0270089b7cd7b844c",
        "type": "github"
      },
      "original": {
        "owner": "esp0xdeadbeef",
        "repo": "network-realization-schema",
        "type": "github"
      }
    },
    "network-realization-schema_2": {
      "inputs": {
        "nixpkgs": [
          "nixpkgs"
        ]
      },
      "locked": {
        "lastModified": 1784570515,
        "narHash": "sha256-bC/Lq/jxjJErVzTPw8r4nNkpFZV4drS6/iZ7EQutguU=",
        "owner": "esp0xdeadbeef",
        "repo": "network-realization-schema",
        "rev": "b4130656b2548d85d95a1fd0270089b7cd7b844c",
        "type": "github"
      },
      "original": {
        "owner": "esp0xdeadbeef",
        "repo": "network-realization-schema",
        "type": "github"
      }
    },
    "nixpkgs": {
      "locked": {
        "lastModified": 1784120854,
        "narHash": "sha256-KesHgItiZPgGX740axSiQLcIQ8D24MDqNpkKYWIek8k=",
        "owner": "NixOS",
        "repo": "nixpkgs",
        "rev": "753cc8a3a87467296ddd1fa93f0cc3e81120ee46",
        "type": "github"
      },
      "original": {
        "owner": "NixOS",
        "ref": "nixos-unstable",
        "repo": "nixpkgs",
        "type": "github"
      }
    },
    "nixpkgs-network": {
      "locked": {
        "lastModified": 1722112448,
        "narHash": "sha256-Ugp/K1wA7N0u0xE27YP/fvFaZqK9dYKSjJ/OoTdQ7rc=",
        "owner": "NixOS",
        "repo": "nixpkgs",
        "rev": "ac56c456ebe4901c561d3ebf1c98fbd970aea753",
        "type": "github"
      },
      "original": {
        "owner": "NixOS",
        "repo": "nixpkgs",
        "rev": "ac56c456ebe4901c561d3ebf1c98fbd970aea753",
        "type": "github"
      }
    },
    "nixpkgs-network_2": {
      "locked": {
        "lastModified": 1722112448,
        "narHash": "sha256-Ugp/K1wA7N0u0xE27YP/fvFaZqK9dYKSjJ/OoTdQ7rc=",
        "owner": "NixOS",
        "repo": "nixpkgs",
        "rev": "ac56c456ebe4901c561d3ebf1c98fbd970aea753",
        "type": "github"
      },
      "original": {
        "owner": "NixOS",
        "repo": "nixpkgs",
        "rev": "ac56c456ebe4901c561d3ebf1c98fbd970aea753",
        "type": "github"
      }
    },
    "nixpkgs-network_3": {
      "locked": {
        "lastModified": 1722112448,
        "narHash": "sha256-Ugp/K1wA7N0u0xE27YP/fvFaZqK9dYKSjJ/OoTdQ7rc=",
        "owner": "NixOS",
        "repo": "nixpkgs",
        "rev": "ac56c456ebe4901c561d3ebf1c98fbd970aea753",
        "type": "github"
      },
      "original": {
        "owner": "NixOS",
        "repo": "nixpkgs",
        "rev": "ac56c456ebe4901c561d3ebf1c98fbd970aea753",
        "type": "github"
      }
    },
    "openconfig": {
      "flake": false,
      "locked": {
        "lastModified": 1784045113,
        "narHash": "sha256-AbHxDFMXZpXlR81If+g4vTnLPfq9HHf51s09LmLzDqQ=",
        "owner": "openconfig",
        "repo": "public",
        "rev": "f34434149a47aa8ff82ffd32add3aacb7c880af2",
        "type": "github"
      },
      "original": {
        "owner": "openconfig",
        "repo": "public",
        "type": "github"
      }
    },
    "root": {
      "inputs": {
        "network-control-plane-model": "network-control-plane-model",
        "network-labs": "network-labs_2",
        "network-realization-model": "network-realization-model",
        "network-realization-schema": "network-realization-schema_2",
        "nixpkgs": "nixpkgs",
        "openconfig": "openconfig"
      }
    }
  },
  "root": "root",
  "version": 7
}
