{
  "nodes": {
    "network-compiler": {
      "inputs": {
        "network-labs": [
          "network-control-plane-model",
          "network-labs"
        ],
        "nixpkgs": [
          "network-control-plane-model",
          "network-forwarding-model",
          "nixpkgs"
        ],
        "nixpkgs-network": "nixpkgs-network"
      },
      "locked": {
        "lastModified": 1784298981,
        "narHash": "sha256-aWSFA7a2gzxQep1nayiIfmKg5UmwGd59Qq01l+XGzs8=",
        "owner": "esp0xdeadbeef",
        "repo": "network-compiler",
        "rev": "f267ab67b86641bfed59f4a5fe6d4c92b7535773",
        "type": "github"
      },
      "original": {
        "owner": "esp0xdeadbeef",
        "repo": "network-compiler",
        "type": "github"
      }
    },
    "network-control-plane-model": {
      "inputs": {
        "network-forwarding-model": "network-forwarding-model",
        "network-labs": "network-labs",
        "nixpkgs": [
          "nixpkgs"
        ],
        "nixpkgs-network": "nixpkgs-network_3"
      },
      "locked": {
        "lastModified": 1784336076,
        "narHash": "sha256-hGDAK3JQtaIQm2me/H2hTwMURPmgPXUfkkt5kKmEWRQ=",
        "owner": "esp0xdeadbeef",
        "repo": "network-control-plane-model",
        "rev": "d7ab13b7a923ee1f4141a6454e7ca10cf8a9053a",
        "type": "github"
      },
      "original": {
        "owner": "esp0xdeadbeef",
        "repo": "network-control-plane-model",
        "type": "github"
      }
    },
    "network-forwarding-model": {
      "inputs": {
        "network-compiler": "network-compiler",
        "network-labs": [
          "network-control-plane-model",
          "network-labs"
        ],
        "nixpkgs": [
          "network-control-plane-model",
          "nixpkgs"
        ],
        "nixpkgs-network": "nixpkgs-network_2"
      },
      "locked": {
        "lastModified": 1784299353,
        "narHash": "sha256-UPCOz4i4qITOxbLZnMi2ZrG0GfcvhcWpWUZMB9Vg/Fo=",
        "owner": "esp0xdeadbeef",
        "repo": "network-forwarding-model",
        "rev": "d1290e8606f434569b33e85efefe5582c9a57e9e",
        "type": "github"
      },
      "original": {
        "owner": "esp0xdeadbeef",
        "ref": "main",
        "repo": "network-forwarding-model",
        "type": "github"
      }
    },
    "network-labs": {
      "locked": {
        "lastModified": 1784298738,
        "narHash": "sha256-X3qm4cnk1h10/xL4NDFnxzI+1BefP19PzdlF+CMxlaA=",
        "owner": "esp0xdeadbeef",
        "repo": "network-labs",
        "rev": "e6a757284aad58d4a13c4ff517107a0ab74b5bd7",
        "type": "github"
      },
      "original": {
        "owner": "esp0xdeadbeef",
        "ref": "main",
        "repo": "network-labs",
        "type": "github"
      }
    },
    "network-labs_2": {
      "locked": {
        "lastModified": 1784336737,
        "narHash": "sha256-VtC5T40TyXXsGlOMRBLK7MftRmU/lo7ZinVvz73wkVE=",
        "owner": "esp0xdeadbeef",
        "repo": "network-labs",
        "rev": "d8625da99cb94150076a6b779606119f6a4b05a1",
        "type": "github"
      },
      "original": {
        "owner": "esp0xdeadbeef",
        "repo": "network-labs",
        "type": "github"
      }
    },
    "nixpkgs": {
      "locked": {
        "lastModified": 1784120854,
        "narHash": "sha256-KesHgItiZPgGX740axSiQLcIQ8D24MDqNpkKYWIek8k=",
        "owner": "NixOS",
        "repo": "nixpkgs",
        "rev": "753cc8a3a87467296ddd1fa93f0cc3e81120ee46",
        "type": "github"
      },
      "original": {
        "owner": "NixOS",
        "ref": "nixos-unstable",
        "repo": "nixpkgs",
        "type": "github"
      }
    },
    "nixpkgs-network": {
      "locked": {
        "lastModified": 1722112448,
        "narHash": "sha256-Ugp/K1wA7N0u0xE27YP/fvFaZqK9dYKSjJ/OoTdQ7rc=",
        "owner": "NixOS",
        "repo": "nixpkgs",
        "rev": "ac56c456ebe4901c561d3ebf1c98fbd970aea753",
        "type": "github"
      },
      "original": {
        "owner": "NixOS",
        "repo": "nixpkgs",
        "rev": "ac56c456ebe4901c561d3ebf1c98fbd970aea753",
        "type": "github"
      }
    },
    "nixpkgs-network_2": {
      "locked": {
        "lastModified": 1722112448,
        "narHash": "sha256-Ugp/K1wA7N0u0xE27YP/fvFaZqK9dYKSjJ/OoTdQ7rc=",
        "owner": "NixOS",
        "repo": "nixpkgs",
        "rev": "ac56c456ebe4901c561d3ebf1c98fbd970aea753",
        "type": "github"
      },
      "original": {
        "owner": "NixOS",
        "repo": "nixpkgs",
        "rev": "ac56c456ebe4901c561d3ebf1c98fbd970aea753",
        "type": "github"
      }
    },
    "nixpkgs-network_3": {
      "locked": {
        "lastModified": 1722112448,
        "narHash": "sha256-Ugp/K1wA7N0u0xE27YP/fvFaZqK9dYKSjJ/OoTdQ7rc=",
        "owner": "NixOS",
        "repo": "nixpkgs",
        "rev": "ac56c456ebe4901c561d3ebf1c98fbd970aea753",
        "type": "github"
      },
      "original": {
        "owner": "NixOS",
        "repo": "nixpkgs",
        "rev": "ac56c456ebe4901c561d3ebf1c98fbd970aea753",
        "type": "github"
      }
    },
    "openconfig": {
      "flake": false,
      "locked": {
        "lastModified": 1784045113,
        "narHash": "sha256-AbHxDFMXZpXlR81If+g4vTnLPfq9HHf51s09LmLzDqQ=",
        "owner": "openconfig",
        "repo": "public",
        "rev": "f34434149a47aa8ff82ffd32add3aacb7c880af2",
        "type": "github"
      },
      "original": {
        "owner": "openconfig",
        "repo": "public",
        "type": "github"
      }
    },
    "root": {
      "inputs": {
        "network-control-plane-model": "network-control-plane-model",
        "network-labs": "network-labs_2",
        "nixpkgs": "nixpkgs",
        "openconfig": "openconfig"
      }
    }
  },
  "root": "root",
  "version": 7
}
